
Microsoft Visual Studio Solution File, Format Version 12.00
# Visual Studio Version 16
VisualStudioVersion = 16.0.30413.136
MinimumVisualStudioVersion = 10.0.40219.1
Project("{8BC9CEB8-8B4A-11D0-8D11-00A0C91BC942}") = "chessProgram", "chessProgram\chessProgram.vcxproj", "{F4A23F3E-ACDD-49D7-AA89-B93190C22A06}"
EndProject
Project("{8BC9CEB8-8B4A-11D0-8D11-00A0C91BC942}") = "chessTest", "chessTest\chessTest.vcxproj", "{2AFD6FF2-141A-4B72-9590-E16300E21341}"
EndProject
Global
	GlobalSection(SolutionConfigurationPlatforms) = preSolution
		Debug|x64 = Debug|x64
		Debug|x86 = Debug|x86
		Release|x64 = Release|x64
		Release|x86 = Release|x86
	EndGlobalSection
	GlobalSection(ProjectConfigurationPlatforms) = postSolution
		{F4A23F3E-ACDD-49D7-AA89-B93190C22A06}.Debug|x64.ActiveCfg = Debug|x64
		{F4A23F3E-ACDD-49D7-AA89-B93190C22A06}.Debug|x64.Build.0 = Debug|x64
		{F4A23F3E-ACDD-49D7-AA89-B93190C22A06}.Debug|x86.ActiveCfg = Debug|Win32
		{F4A23F3E-ACDD-49D7-AA89-B93190C22A06}.Debug|x86.Build.0 = Debug|Win32
		{F4A23F3E-ACDD-49D7-AA89-B93190C22A06}.Release|x64.ActiveCfg = Release|x64
		{F4A23F3E-ACDD-49D7-AA89-B93190C22A06}.Release|x64.Build.0 = Release|x64
		{F4A23F3E-ACDD-49D7-AA89-B93190C22A06}.Release|x86.ActiveCfg = Release|Win32
		{F4A23F3E-ACDD-49D7-AA89-B93190C22A06}.Release|x86.Build.0 = Release|Win32
		{2AFD6FF2-141A-4B72-9590-E16300E21341}.Debug|x64.ActiveCfg = Debug|x64
		{2AFD6FF2-141A-4B72-9590-E16300E21341}.Debug|x64.Build.0 = Debug|x64
		{2AFD6FF2-141A-4B72-9590-E16300E21341}.Debug|x86.ActiveCfg = Debug|Win32
		{2AFD6FF2-141A-4B72-9590-E16300E21341}.Debug|x86.Build.0 = Debug|Win32
		{2AFD6FF2-141A-4B72-9590-E16300E21341}.Release|x64.ActiveCfg = Release|x64
		{2AFD6FF2-141A-4B72-9590-E16300E21341}.Release|x64.Build.0 = Release|x64
		{2AFD6FF2-141A-4B72-9590-E16300E21341}.Release|x86.ActiveCfg = Release|Win32
		{2AFD6FF2-141A-4B72-9590-E16300E21341}.Release|x86.Build.0 = Release|Win32
	EndGlobalSection
	GlobalSection(SolutionProperties) = preSolution
		HideSolutionNode = FALSE
	EndGlobalSection
	GlobalSection(ExtensibilityGlobals) = postSolution
		SolutionGuid = {E83A16A8-7023-4089-A96C-DF304E14E468}
	EndGlobalSection
EndGlobal
